// !$*UTF8*$!
{
	archiveVersion = 1;
	classes = {
	};
	objectVersion = 46;
	objects = {

/* Begin PBXBuildFile section */
		0807E1D71A313ED2003695F6 /* main.m in Sources */ = {isa = PBXBuildFile; fileRef = 0807E1D61A313ED2003695F6 /* main.m */; };
		0807E1DA1A313ED2003695F6 /* AppDelegate.m in Sources */ = {isa = PBXBuildFile; fileRef = 0807E1D91A313ED2003695F6 /* AppDelegate.m */; };
		0807E1DD1A313ED2003695F6 /* LearnLearnLearn.xcdatamodeld in Sources */ = {isa = PBXBuildFile; fileRef = 0807E1DB1A313ED2003695F6 /* LearnLearnLearn.xcdatamodeld */; };
		0807E1E01A313ED2003695F6 /* ViewController.m in Sources */ = {isa = PBXBuildFile; fileRef = 0807E1DF1A313ED2003695F6 /* ViewController.m */; };
		0807E1E31A313ED2003695F6 /* Main.storyboard in Resources */ = {isa = PBXBuildFile; fileRef = 0807E1E11A313ED2003695F6 /* Main.storyboard */; };
		0807E1E51A313ED2003695F6 /* Images.xcassets in Resources */ = {isa = PBXBuildFile; fileRef = 0807E1E41A313ED2003695F6 /* Images.xcassets */; };
		0807E1F41A313ED2003695F6 /* LearnLearnLearnTests.m in Sources */ = {isa = PBXBuildFile; fileRef = 0807E1F31A313ED2003695F6 /* LearnLearnLearnTests.m */; };
		0807E1FF1A313F77003695F6 /* LearnTableViewController.m in Sources */ = {isa = PBXBuildFile; fileRef = 0807E1FE1A313F77003695F6 /* LearnTableViewController.m */; };
		0807E2021A3140A8003695F6 /* AnimationViewController.m in Sources */ = {isa = PBXBuildFile; fileRef = 0807E2011A3140A8003695F6 /* AnimationViewController.m */; };
		0807E2061A315F13003695F6 /* Animation1ViewController.m in Sources */ = {isa = PBXBuildFile; fileRef = 0807E2051A315F13003695F6 /* Animation1ViewController.m */; };
		0807E2091A318A1A003695F6 /* Animation2ViewController.m in Sources */ = {isa = PBXBuildFile; fileRef = 0807E2081A318A1A003695F6 /* Animation2ViewController.m */; };
		0807E20D1A318B71003695F6 /* Geometry.m in Sources */ = {isa = PBXBuildFile; fileRef = 0807E20C1A318B71003695F6 /* Geometry.m */; };
		08A78DD31A35390300FC6290 /* Animation3ViewController.m in Sources */ = {isa = PBXBuildFile; fileRef = 08A78DD21A35390300FC6290 /* Animation3ViewController.m */; };
		08A78DD61A353A8600FC6290 /* WWDTextView.m in Sources */ = {isa = PBXBuildFile; fileRef = 08A78DD51A353A8600FC6290 /* WWDTextView.m */; };
		08E325B81A3546A000097224 /* Animation4ViewController.m in Sources */ = {isa = PBXBuildFile; fileRef = 08E325B71A3546A000097224 /* Animation4ViewController.m */; };
		08E325BB1A3546D600097224 /* WWDShadowView.m in Sources */ = {isa = PBXBuildFile; fileRef = 08E325BA1A3546D600097224 /* WWDShadowView.m */; };
		08E325BE1A354DAC00097224 /* Animation5ViewController.m in Sources */ = {isa = PBXBuildFile; fileRef = 08E325BD1A354DAC00097224 /* Animation5ViewController.m */; };
		08E325C11A354F9C00097224 /* WWDArcView.m in Sources */ = {isa = PBXBuildFile; fileRef = 08E325C01A354F9C00097224 /* WWDArcView.m */; };
		08E325C51A35577200097224 /* WWDPathView.m in Sources */ = {isa = PBXBuildFile; fileRef = 08E325C41A35577200097224 /* WWDPathView.m */; };
		08E325C81A3577C700097224 /* WWDCurveView.m in Sources */ = {isa = PBXBuildFile; fileRef = 08E325C71A3577C700097224 /* WWDCurveView.m */; };
		08E325CB1A357BA700097224 /* Animation6ViewController.m in Sources */ = {isa = PBXBuildFile; fileRef = 08E325CA1A357BA700097224 /* Animation6ViewController.m */; };
		08E325CE1A3582E200097224 /* Animation7ViewController.m in Sources */ = {isa = PBXBuildFile; fileRef = 08E325CD1A3582E200097224 /* Animation7ViewController.m */; };
		08E325D11A35837400097224 /* TransformView.m in Sources */ = {isa = PBXBuildFile; fileRef = 08E325D01A35837400097224 /* TransformView.m */; };
		08E325D41A3584E000097224 /* SnowView.m in Sources */ = {isa = PBXBuildFile; fileRef = 08E325D31A3584E000097224 /* SnowView.m */; };
		08E325D81A358D1700097224 /* UIView1ViewController.m in Sources */ = {isa = PBXBuildFile; fileRef = 08E325D71A358D1700097224 /* UIView1ViewController.m */; };
		08E325DC1A35971000097224 /* CoreAnimationViewController.m in Sources */ = {isa = PBXBuildFile; fileRef = 08E325DB1A35971000097224 /* CoreAnimationViewController.m */; };
		08E325E01A359A2500097224 /* CoreAnimation1ViewController.m in Sources */ = {isa = PBXBuildFile; fileRef = 08E325DF1A359A2500097224 /* CoreAnimation1ViewController.m */; };
		08E325E31A359C8100097224 /* CoreAnimation2ViewController.m in Sources */ = {isa = PBXBuildFile; fileRef = 08E325E21A359C8100097224 /* CoreAnimation2ViewController.m */; };
		08E325E71A359DE500097224 /* CoreAnimation3ViewController.m in Sources */ = {isa = PBXBuildFile; fileRef = 08E325E61A359DE500097224 /* CoreAnimation3ViewController.m */; };
		08E325EA1A35AA7900097224 /* CoreAnimation4ViewController.m in Sources */ = {isa = PBXBuildFile; fileRef = 08E325E91A35AA7900097224 /* CoreAnimation4ViewController.m */; };
		08E325ED1A35AD2300097224 /* DemoCAView.m in Sources */ = {isa = PBXBuildFile; fileRef = 08E325EC1A35AD2300097224 /* DemoCAView.m */; };
		08E325F11A35C3B300097224 /* WWDPopView.m in Sources */ = {isa = PBXBuildFile; fileRef = 08E325F01A35C3B300097224 /* WWDPopView.m */; };
		08E325F41A35C4C300097224 /* WwdViewController.m in Sources */ = {isa = PBXBuildFile; fileRef = 08E325F31A35C4C300097224 /* WwdViewController.m */; };
/* End PBXBuildFile section */

/* Begin PBXContainerItemProxy section */
		0807E1EE1A313ED2003695F6 /* PBXContainerItemProxy */ = {
			isa = PBXContainerItemProxy;
			containerPortal = 0807E1C91A313ED2003695F6 /* Project object */;
			proxyType = 1;
			remoteGlobalIDString = 0807E1D01A313ED2003695F6;
			remoteInfo = LearnLearnLearn;
		};
/* End PBXContainerItemProxy section */

/* Begin PBXFileReference section */
		0807E1D11A313ED2003695F6 /* LearnLearnLearn.app */ = {isa = PBXFileReference; explicitFileType = wrapper.application; includeInIndex = 0; path = LearnLearnLearn.app; sourceTree = BUILT_PRODUCTS_DIR; };
		0807E1D51A313ED2003695F6 /* Info.plist */ = {isa = PBXFileReference; lastKnownFileType = text.plist.xml; path = Info.plist; sourceTree = "<group>"; };
		0807E1D61A313ED2003695F6 /* main.m */ = {isa = PBXFileReference; lastKnownFileType = sourcecode.c.objc; path = main.m; sourceTree = "<group>"; };
		0807E1D81A313ED2003695F6 /* AppDelegate.h */ = {isa = PBXFileReference; lastKnownFileType = sourcecode.c.h; path = AppDelegate.h; sourceTree = "<group>"; };
		0807E1D91A313ED2003695F6 /* AppDelegate.m */ = {isa = PBXFileReference; lastKnownFileType = sourcecode.c.objc; path = AppDelegate.m; sourceTree = "<group>"; };
		0807E1DC1A313ED2003695F6 /* LearnLearnLearn.xcdatamodel */ = {isa = PBXFileReference; lastKnownFileType = wrapper.xcdatamodel; path = LearnLearnLearn.xcdatamodel; sourceTree = "<group>"; };
		0807E1DE1A313ED2003695F6 /* ViewController.h */ = {isa = PBXFileReference; lastKnownFileType = sourcecode.c.h; path = ViewController.h; sourceTree = "<group>"; };
		0807E1DF1A313ED2003695F6 /* ViewController.m */ = {isa = PBXFileReference; lastKnownFileType = sourcecode.c.objc; path = ViewController.m; sourceTree = "<group>"; };
		0807E1E21A313ED2003695F6 /* Base */ = {isa = PBXFileReference; lastKnownFileType = file.storyboard; name = Base; path = Base.lproj/Main.storyboard; sourceTree = "<group>"; };
		0807E1E41A313ED2003695F6 /* Images.xcassets */ = {isa = PBXFileReference; lastKnownFileType = folder.assetcatalog; path = Images.xcassets; sourceTree = "<group>"; };
		0807E1ED1A313ED2003695F6 /* LearnLearnLearnTests.xctest */ = {isa = PBXFileReference; explicitFileType = wrapper.cfbundle; includeInIndex = 0; path = LearnLearnLearnTests.xctest; sourceTree = BUILT_PRODUCTS_DIR; };
		0807E1F21A313ED2003695F6 /* Info.plist */ = {isa = PBXFileReference; lastKnownFileType = text.plist.xml; path = Info.plist; sourceTree = "<group>"; };
		0807E1F31A313ED2003695F6 /* LearnLearnLearnTests.m */ = {isa = PBXFileReference; lastKnownFileType = sourcecode.c.objc; path = LearnLearnLearnTests.m; sourceTree = "<group>"; };
		0807E1FD1A313F77003695F6 /* LearnTableViewController.h */ = {isa = PBXFileReference; fileEncoding = 4; lastKnownFileType = sourcecode.c.h; path = LearnTableViewController.h; sourceTree = "<group>"; };
		0807E1FE1A313F77003695F6 /* LearnTableViewController.m */ = {isa = PBXFileReference; fileEncoding = 4; lastKnownFileType = sourcecode.c.objc; path = LearnTableViewController.m; sourceTree = "<group>"; };
		0807E2001A3140A8003695F6 /* AnimationViewController.h */ = {isa = PBXFileReference; fileEncoding = 4; lastKnownFileType = sourcecode.c.h; path = AnimationViewController.h; sourceTree = "<group>"; };
		0807E2011A3140A8003695F6 /* AnimationViewController.m */ = {isa = PBXFileReference; fileEncoding = 4; lastKnownFileType = sourcecode.c.objc; path = AnimationViewController.m; sourceTree = "<group>"; };
		0807E2041A315F13003695F6 /* Animation1ViewController.h */ = {isa = PBXFileReference; fileEncoding = 4; lastKnownFileType = sourcecode.c.h; path = Animation1ViewController.h; sourceTree = "<group>"; };
		0807E2051A315F13003695F6 /* Animation1ViewController.m */ = {isa = PBXFileReference; fileEncoding = 4; lastKnownFileType = sourcecode.c.objc; path = Animation1ViewController.m; sourceTree = "<group>"; };
		0807E2071A318A1A003695F6 /* Animation2ViewController.h */ = {isa = PBXFileReference; fileEncoding = 4; lastKnownFileType = sourcecode.c.h; path = Animation2ViewController.h; sourceTree = "<group>"; };
		0807E2081A318A1A003695F6 /* Animation2ViewController.m */ = {isa = PBXFileReference; fileEncoding = 4; lastKnownFileType = sourcecode.c.objc; path = Animation2ViewController.m; sourceTree = "<group>"; };
		0807E20B1A318B71003695F6 /* Geometry.h */ = {isa = PBXFileReference; fileEncoding = 4; lastKnownFileType = sourcecode.c.h; path = Geometry.h; sourceTree = "<group>"; };
		0807E20C1A318B71003695F6 /* Geometry.m */ = {isa = PBXFileReference; fileEncoding = 4; lastKnownFileType = sourcecode.c.objc; path = Geometry.m; sourceTree = "<group>"; };
		08A78DD11A35390300FC6290 /* Animation3ViewController.h */ = {isa = PBXFileReference; fileEncoding = 4; lastKnownFileType = sourcecode.c.h; path = Animation3ViewController.h; sourceTree = "<group>"; };
		08A78DD21A35390300FC6290 /* Animation3ViewController.m */ = {isa = PBXFileReference; fileEncoding = 4; lastKnownFileType = sourcecode.c.objc; path = Animation3ViewController.m; sourceTree = "<group>"; };
		08A78DD41A353A8600FC6290 /* WWDTextView.h */ = {isa = PBXFileReference; fileEncoding = 4; lastKnownFileType = sourcecode.c.h; path = WWDTextView.h; sourceTree = "<group>"; };
		08A78DD51A353A8600FC6290 /* WWDTextView.m */ = {isa = PBXFileReference; fileEncoding = 4; lastKnownFileType = sourcecode.c.objc; path = WWDTextView.m; sourceTree = "<group>"; };
		08E325B61A3546A000097224 /* Animation4ViewController.h */ = {isa = PBXFileReference; fileEncoding = 4; lastKnownFileType = sourcecode.c.h; path = Animation4ViewController.h; sourceTree = "<group>"; };
		08E325B71A3546A000097224 /* Animation4ViewController.m */ = {isa = PBXFileReference; fileEncoding = 4; lastKnownFileType = sourcecode.c.objc; path = Animation4ViewController.m; sourceTree = "<group>"; };
		08E325B91A3546D600097224 /* WWDShadowView.h */ = {isa = PBXFileReference; fileEncoding = 4; lastKnownFileType = sourcecode.c.h; path = WWDShadowView.h; sourceTree = "<group>"; };
		08E325BA1A3546D600097224 /* WWDShadowView.m */ = {isa = PBXFileReference; fileEncoding = 4; lastKnownFileType = sourcecode.c.objc; path = WWDShadowView.m; sourceTree = "<group>"; };
		08E325BC1A354DAC00097224 /* Animation5ViewController.h */ = {isa = PBXFileReference; fileEncoding = 4; lastKnownFileType = sourcecode.c.h; path = Animation5ViewController.h; sourceTree = "<group>"; };
		08E325BD1A354DAC00097224 /* Animation5ViewController.m */ = {isa = PBXFileReference; fileEncoding = 4; lastKnownFileType = sourcecode.c.objc; path = Animation5ViewController.m; sourceTree = "<group>"; };
		08E325BF1A354F9C00097224 /* WWDArcView.h */ = {isa = PBXFileReference; fileEncoding = 4; lastKnownFileType = sourcecode.c.h; path = WWDArcView.h; sourceTree = "<group>"; };
		08E325C01A354F9C00097224 /* WWDArcView.m */ = {isa = PBXFileReference; fileEncoding = 4; lastKnownFileType = sourcecode.c.objc; path = WWDArcView.m; sourceTree = "<group>"; };
		08E325C21A3553B800097224 /* WWDContext.h */ = {isa = PBXFileReference; lastKnownFileType = sourcecode.c.h; path = WWDContext.h; sourceTree = "<group>"; };
		08E325C31A35577200097224 /* WWDPathView.h */ = {isa = PBXFileReference; fileEncoding = 4; lastKnownFileType = sourcecode.c.h; path = WWDPathView.h; sourceTree = "<group>"; };
		08E325C41A35577200097224 /* WWDPathView.m */ = {isa = PBXFileReference; fileEncoding = 4; lastKnownFileType = sourcecode.c.objc; path = WWDPathView.m; sourceTree = "<group>"; };
		08E325C61A3577C700097224 /* WWDCurveView.h */ = {isa = PBXFileReference; fileEncoding = 4; lastKnownFileType = sourcecode.c.h; path = WWDCurveView.h; sourceTree = "<group>"; };
		08E325C71A3577C700097224 /* WWDCurveView.m */ = {isa = PBXFileReference; fileEncoding = 4; lastKnownFileType = sourcecode.c.objc; path = WWDCurveView.m; sourceTree = "<group>"; };
		08E325C91A357BA700097224 /* Animation6ViewController.h */ = {isa = PBXFileReference; fileEncoding = 4; lastKnownFileType = sourcecode.c.h; path = Animation6ViewController.h; sourceTree = "<group>"; };
		08E325CA1A357BA700097224 /* Animation6ViewController.m */ = {isa = PBXFileReference; fileEncoding = 4; lastKnownFileType = sourcecode.c.objc; path = Animation6ViewController.m; sourceTree = "<group>"; };
		08E325CC1A3582E200097224 /* Animation7ViewController.h */ = {isa = PBXFileReference; fileEncoding = 4; lastKnownFileType = sourcecode.c.h; path = Animation7ViewController.h; sourceTree = "<group>"; };
		08E325CD1A3582E200097224 /* Animation7ViewController.m */ = {isa = PBXFileReference; fileEncoding = 4; lastKnownFileType = sourcecode.c.objc; path = Animation7ViewController.m; sourceTree = "<group>"; };
		08E325CF1A35837400097224 /* TransformView.h */ = {isa = PBXFileReference; fileEncoding = 4; lastKnownFileType = sourcecode.c.h; path = TransformView.h; sourceTree = "<group>"; };
		08E325D01A35837400097224 /* TransformView.m */ = {isa = PBXFileReference; fileEncoding = 4; lastKnownFileType = sourcecode.c.objc; path = TransformView.m; sourceTree = "<group>"; };
		08E325D21A3584E000097224 /* SnowView.h */ = {isa = PBXFileReference; fileEncoding = 4; lastKnownFileType = sourcecode.c.h; path = SnowView.h; sourceTree = "<group>"; };
		08E325D31A3584E000097224 /* SnowView.m */ = {isa = PBXFileReference; fileEncoding = 4; lastKnownFileType = sourcecode.c.objc; path = SnowView.m; sourceTree = "<group>"; };
		08E325D61A358D1700097224 /* UIView1ViewController.h */ = {isa = PBXFileReference; fileEncoding = 4; lastKnownFileType = sourcecode.c.h; path = UIView1ViewController.h; sourceTree = "<group>"; };
		08E325D71A358D1700097224 /* UIView1ViewController.m */ = {isa = PBXFileReference; fileEncoding = 4; lastKnownFileType = sourcecode.c.objc; path = UIView1ViewController.m; sourceTree = "<group>"; };
		08E325DA1A35971000097224 /* CoreAnimationViewController.h */ = {isa = PBXFileReference; fileEncoding = 4; lastKnownFileType = sourcecode.c.h; path = CoreAnimationViewController.h; sourceTree = "<group>"; };
		08E325DB1A35971000097224 /* CoreAnimationViewController.m */ = {isa = PBXFileReference; fileEncoding = 4; lastKnownFileType = sourcecode.c.objc; path = CoreAnimationViewController.m; sourceTree = "<group>"; };
		08E325DE1A359A2500097224 /* CoreAnimation1ViewController.h */ = {isa = PBXFileReference; fileEncoding = 4; lastKnownFileType = sourcecode.c.h; path = CoreAnimation1ViewController.h; sourceTree = "<group>"; };
		08E325DF1A359A2500097224 /* CoreAnimation1ViewController.m */ = {isa = PBXFileReference; fileEncoding = 4; lastKnownFileType = sourcecode.c.objc; path = CoreAnimation1ViewController.m; sourceTree = "<group>"; };
		08E325E11A359C8100097224 /* CoreAnimation2ViewController.h */ = {isa = PBXFileReference; fileEncoding = 4; lastKnownFileType = sourcecode.c.h; path = CoreAnimation2ViewController.h; sourceTree = "<group>"; };
		08E325E21A359C8100097224 /* CoreAnimation2ViewController.m */ = {isa = PBXFileReference; fileEncoding = 4; lastKnownFileType = sourcecode.c.objc; path = CoreAnimation2ViewController.m; sourceTree = "<group>"; };
		08E325E51A359DE500097224 /* CoreAnimation3ViewController.h */ = {isa = PBXFileReference; fileEncoding = 4; lastKnownFileType = sourcecode.c.h; path = CoreAnimation3ViewController.h; sourceTree = "<group>"; };
		08E325E61A359DE500097224 /* CoreAnimation3ViewController.m */ = {isa = PBXFileReference; fileEncoding = 4; lastKnownFileType = sourcecode.c.objc; path = CoreAnimation3ViewController.m; sourceTree = "<group>"; };
		08E325E81A35AA7900097224 /* CoreAnimation4ViewController.h */ = {isa = PBXFileReference; fileEncoding = 4; lastKnownFileType = sourcecode.c.h; path = CoreAnimation4ViewController.h; sourceTree = "<group>"; };
		08E325E91A35AA7900097224 /* CoreAnimation4ViewController.m */ = {isa = PBXFileReference; fileEncoding = 4; lastKnownFileType = sourcecode.c.objc; path = CoreAnimation4ViewController.m; sourceTree = "<group>"; };
		08E325EB1A35AD2300097224 /* DemoCAView.h */ = {isa = PBXFileReference; fileEncoding = 4; lastKnownFileType = sourcecode.c.h; path = DemoCAView.h; sourceTree = "<group>"; };
		08E325EC1A35AD2300097224 /* DemoCAView.m */ = {isa = PBXFileReference; fileEncoding = 4; lastKnownFileType = sourcecode.c.objc; path = DemoCAView.m; sourceTree = "<group>"; };
		08E325EF1A35C3B300097224 /* WWDPopView.h */ = {isa = PBXFileReference; fileEncoding = 4; lastKnownFileType = sourcecode.c.h; path = WWDPopView.h; sourceTree = "<group>"; };
		08E325F01A35C3B300097224 /* WWDPopView.m */ = {isa = PBXFileReference; fileEncoding = 4; lastKnownFileType = sourcecode.c.objc; path = WWDPopView.m; sourceTree = "<group>"; };
		08E325F21A35C4C300097224 /* WwdViewController.h */ = {isa = PBXFileReference; fileEncoding = 4; lastKnownFileType = sourcecode.c.h; path = WwdViewController.h; sourceTree = "<group>"; };
		08E325F31A35C4C300097224 /* WwdViewController.m */ = {isa = PBXFileReference; fileEncoding = 4; lastKnownFileType = sourcecode.c.objc; path = WwdViewController.m; sourceTree = "<group>"; };
/* End PBXFileReference section */

/* Begin PBXFrameworksBuildPhase section */
		0807E1CE1A313ED2003695F6 /* Frameworks */ = {
			isa = PBXFrameworksBuildPhase;
			buildActionMask = 2147483647;
			files = (
			);
			runOnlyForDeploymentPostprocessing = 0;
		};
		0807E1EA1A313ED2003695F6 /* Frameworks */ = {
			isa = PBXFrameworksBuildPhase;
			buildActionMask = 2147483647;
			files = (
			);
			runOnlyForDeploymentPostprocessing = 0;
		};
/* End PBXFrameworksBuildPhase section */

/* Begin PBXGroup section */
		0807E1C81A313ED2003695F6 = {
			isa = PBXGroup;
			children = (
				0807E1D31A313ED2003695F6 /* LearnLearnLearn */,
				0807E1F01A313ED2003695F6 /* LearnLearnLearnTests */,
				0807E1D21A313ED2003695F6 /* Products */,
			);
			sourceTree = "<group>";
		};
		0807E1D21A313ED2003695F6 /* Products */ = {
			isa = PBXGroup;
			children = (
				0807E1D11A313ED2003695F6 /* LearnLearnLearn.app */,
				0807E1ED1A313ED2003695F6 /* LearnLearnLearnTests.xctest */,
			);
			name = Products;
			sourceTree = "<group>";
		};
		0807E1D31A313ED2003695F6 /* LearnLearnLearn */ = {
			isa = PBXGroup;
			children = (
				08E325EE1A35C35100097224 /* WWD */,
				08E325D91A35970000097224 /* CoreAnimation */,
				0807E2031A315EFA003695F6 /* animation */,
				08E325D51A358C2400097224 /* UIKitAnimate */,
				0807E1D81A313ED2003695F6 /* AppDelegate.h */,
				0807E1D91A313ED2003695F6 /* AppDelegate.m */,
				0807E1DE1A313ED2003695F6 /* ViewController.h */,
				0807E1DF1A313ED2003695F6 /* ViewController.m */,
				0807E1FD1A313F77003695F6 /* LearnTableViewController.h */,
				0807E1FE1A313F77003695F6 /* LearnTableViewController.m */,
				0807E1E11A313ED2003695F6 /* Main.storyboard */,
				0807E1E41A313ED2003695F6 /* Images.xcassets */,
				0807E1DB1A313ED2003695F6 /* LearnLearnLearn.xcdatamodeld */,
				0807E1D41A313ED2003695F6 /* Supporting Files */,
			);
			path = LearnLearnLearn;
			sourceTree = "<group>";
		};
		0807E1D41A313ED2003695F6 /* Supporting Files */ = {
			isa = PBXGroup;
			children = (
				0807E1D51A313ED2003695F6 /* Info.plist */,
				0807E1D61A313ED2003695F6 /* main.m */,
			);
			name = "Supporting Files";
			sourceTree = "<group>";
		};
		0807E1F01A313ED2003695F6 /* LearnLearnLearnTests */ = {
			isa = PBXGroup;
			children = (
				0807E1F31A313ED2003695F6 /* LearnLearnLearnTests.m */,
				0807E1F11A313ED2003695F6 /* Supporting Files */,
			);
			path = LearnLearnLearnTests;
			sourceTree = "<group>";
		};
		0807E1F11A313ED2003695F6 /* Supporting Files */ = {
			isa = PBXGroup;
			children = (
				0807E1F21A313ED2003695F6 /* Info.plist */,
			);
			name = "Supporting Files";
			sourceTree = "<group>";
		};
		0807E2031A315EFA003695F6 /* animation */ = {
			isa = PBXGroup;
			children = (
				0807E2001A3140A8003695F6 /* AnimationViewController.h */,
				0807E2011A3140A8003695F6 /* AnimationViewController.m */,
				0807E2041A315F13003695F6 /* Animation1ViewController.h */,
				0807E2051A315F13003695F6 /* Animation1ViewController.m */,
				0807E2071A318A1A003695F6 /* Animation2ViewController.h */,
				0807E2081A318A1A003695F6 /* Animation2ViewController.m */,
				08A78DD11A35390300FC6290 /* Animation3ViewController.h */,
				08A78DD21A35390300FC6290 /* Animation3ViewController.m */,
				08E325B61A3546A000097224 /* Animation4ViewController.h */,
				08E325B71A3546A000097224 /* Animation4ViewController.m */,
				08E325BC1A354DAC00097224 /* Animation5ViewController.h */,
				08E325BD1A354DAC00097224 /* Animation5ViewController.m */,
				08E325C91A357BA700097224 /* Animation6ViewController.h */,
				08E325CA1A357BA700097224 /* Animation6ViewController.m */,
				08E325CC1A3582E200097224 /* Animation7ViewController.h */,
				08E325CD1A3582E200097224 /* Animation7ViewController.m */,
				0807E20B1A318B71003695F6 /* Geometry.h */,
				0807E20C1A318B71003695F6 /* Geometry.m */,
				08A78DD41A353A8600FC6290 /* WWDTextView.h */,
				08A78DD51A353A8600FC6290 /* WWDTextView.m */,
				08E325B91A3546D600097224 /* WWDShadowView.h */,
				08E325BA1A3546D600097224 /* WWDShadowView.m */,
				08E325BF1A354F9C00097224 /* WWDArcView.h */,
				08E325C01A354F9C00097224 /* WWDArcView.m */,
				08E325C21A3553B800097224 /* WWDContext.h */,
				08E325C31A35577200097224 /* WWDPathView.h */,
				08E325C41A35577200097224 /* WWDPathView.m */,
				08E325C61A3577C700097224 /* WWDCurveView.h */,
				08E325C71A3577C700097224 /* WWDCurveView.m */,
				08E325CF1A35837400097224 /* TransformView.h */,
				08E325D01A35837400097224 /* TransformView.m */,
				08E325D21A3584E000097224 /* SnowView.h */,
				08E325D31A3584E000097224 /* SnowView.m */,
			);
			name = animation;
			sourceTree = "<group>";
		};
		08E325D51A358C2400097224 /* UIKitAnimate */ = {
			isa = PBXGroup;
			children = (
				08E325D61A358D1700097224 /* UIView1ViewController.h */,
				08E325D71A358D1700097224 /* UIView1ViewController.m */,
			);
			name = UIKitAnimate;
			sourceTree = "<group>";
		};
		08E325D91A35970000097224 /* CoreAnimation */ = {
			isa = PBXGroup;
			children = (
				08E325DA1A35971000097224 /* CoreAnimationViewController.h */,
				08E325DB1A35971000097224 /* CoreAnimationViewController.m */,
				08E325DE1A359A2500097224 /* CoreAnimation1ViewController.h */,
				08E325DF1A359A2500097224 /* CoreAnimation1ViewController.m */,
				08E325E11A359C8100097224 /* CoreAnimation2ViewController.h */,
				08E325E21A359C8100097224 /* CoreAnimation2ViewController.m */,
				08E325E51A359DE500097224 /* CoreAnimation3ViewController.h */,
				08E325E61A359DE500097224 /* CoreAnimation3ViewController.m */,
				08E325E81A35AA7900097224 /* CoreAnimation4ViewController.h */,
				08E325E91A35AA7900097224 /* CoreAnimation4ViewController.m */,
				08E325EB1A35AD2300097224 /* DemoCAView.h */,
				08E325EC1A35AD2300097224 /* DemoCAView.m */,
			);
			name = CoreAnimation;
			sourceTree = "<group>";
		};
		08E325EE1A35C35100097224 /* WWD */ = {
			isa = PBXGroup;
			children = (
				08E325EF1A35C3B300097224 /* WWDPopView.h */,
				08E325F01A35C3B300097224 /* WWDPopView.m */,
				08E325F21A35C4C300097224 /* WwdViewController.h */,
				08E325F31A35C4C300097224 /* WwdViewController.m */,
			);
			name = WWD;
			sourceTree = "<group>";
		};
/* End PBXGroup section */

/* Begin PBXNativeTarget section */
		0807E1D01A313ED2003695F6 /* LearnLearnLearn */ = {
			isa = PBXNativeTarget;
			buildConfigurationList = 0807E1F71A313ED2003695F6 /* Build configuration list for PBXNativeTarget "LearnLearnLearn" */;
			buildPhases = (
				0807E1CD1A313ED2003695F6 /* Sources */,
				0807E1CE1A313ED2003695F6 /* Frameworks */,
				0807E1CF1A313ED2003695F6 /* Resources */,
			);
			buildRules = (
			);
			dependencies = (
			);
			name = LearnLearnLearn;
			productName = LearnLearnLearn;
			productReference = 0807E1D11A313ED2003695F6 /* LearnLearnLearn.app */;
			productType = "com.apple.product-type.application";
		};
		0807E1EC1A313ED2003695F6 /* LearnLearnLearnTests */ = {
			isa = PBXNativeTarget;
			buildConfigurationList = 0807E1FA1A313ED2003695F6 /* Build configuration list for PBXNativeTarget "LearnLearnLearnTests" */;
			buildPhases = (
				0807E1E91A313ED2003695F6 /* Sources */,
				0807E1EA1A313ED2003695F6 /* Frameworks */,
				0807E1EB1A313ED2003695F6 /* Resources */,
			);
			buildRules = (
			);
			dependencies = (
				0807E1EF1A313ED2003695F6 /* PBXTargetDependency */,
			);
			name = LearnLearnLearnTests;
			productName = LearnLearnLearnTests;
			productReference = 0807E1ED1A313ED2003695F6 /* LearnLearnLearnTests.xctest */;
			productType = "com.apple.product-type.bundle.unit-test";
		};
/* End PBXNativeTarget section */

/* Begin PBXProject section */
		0807E1C91A313ED2003695F6 /* Project object */ = {
			isa = PBXProject;
			attributes = {
				LastUpgradeCheck = 0610;
				ORGANIZATIONNAME = mycj.wwd;
				TargetAttributes = {
					0807E1D01A313ED2003695F6 = {
						CreatedOnToolsVersion = 6.1.1;
					};
					0807E1EC1A313ED2003695F6 = {
						CreatedOnToolsVersion = 6.1.1;
						TestTargetID = 0807E1D01A313ED2003695F6;
					};
				};
			};
			buildConfigurationList = 0807E1CC1A313ED2003695F6 /* Build configuration list for PBXProject "LearnLearnLearn" */;
			compatibilityVersion = "Xcode 3.2";
			developmentRegion = English;
			hasScannedForEncodings = 0;
			knownRegions = (
				en,
				Base,
			);
			mainGroup = 0807E1C81A313ED2003695F6;
			productRefGroup = 0807E1D21A313ED2003695F6 /* Products */;
			projectDirPath = "";
			projectRoot = "";
			targets = (
				0807E1D01A313ED2003695F6 /* LearnLearnLearn */,
				0807E1EC1A313ED2003695F6 /* LearnLearnLearnTests */,
			);
		};
/* End PBXProject section */

/* Begin PBXResourcesBuildPhase section */
		0807E1CF1A313ED2003695F6 /* Resources */ = {
			isa = PBXResourcesBuildPhase;
			buildActionMask = 2147483647;
			files = (
				0807E1E31A313ED2003695F6 /* Main.storyboard in Resources */,
				0807E1E51A313ED2003695F6 /* Images.xcassets in Resources */,
			);
			runOnlyForDeploymentPostprocessing = 0;
		};
		0807E1EB1A313ED2003695F6 /* Resources */ = {
			isa = PBXResourcesBuildPhase;
			buildActionMask = 2147483647;
			files = (
			);
			runOnlyForDeploymentPostprocessing = 0;
		};
/* End PBXResourcesBuildPhase section */

/* Begin PBXSourcesBuildPhase section */
		0807E1CD1A313ED2003695F6 /* Sources */ = {
			isa = PBXSourcesBuildPhase;
			buildActionMask = 2147483647;
			files = (
				08E325E71A359DE500097224 /* CoreAnimation3ViewController.m in Sources */,
				0807E20D1A318B71003695F6 /* Geometry.m in Sources */,
				08E325C11A354F9C00097224 /* WWDArcView.m in Sources */,
				08E325C51A35577200097224 /* WWDPathView.m in Sources */,
				08E325F11A35C3B300097224 /* WWDPopView.m in Sources */,
				08E325F41A35C4C300097224 /* WwdViewController.m in Sources */,
				0807E1DA1A313ED2003695F6 /* AppDelegate.m in Sources */,
				0807E1FF1A313F77003695F6 /* LearnTableViewController.m in Sources */,
				08E325D81A358D1700097224 /* UIView1ViewController.m in Sources */,
				0807E1DD1A313ED2003695F6 /* LearnLearnLearn.xcdatamodeld in Sources */,
				08E325D41A3584E000097224 /* SnowView.m in Sources */,
				08E325B81A3546A000097224 /* Animation4ViewController.m in Sources */,
				08A78DD61A353A8600FC6290 /* WWDTextView.m in Sources */,
				08E325E01A359A2500097224 /* CoreAnimation1ViewController.m in Sources */,
				0807E2021A3140A8003695F6 /* AnimationViewController.m in Sources */,
				08E325EA1A35AA7900097224 /* CoreAnimation4ViewController.m in Sources */,
				08E325E31A359C8100097224 /* CoreAnimation2ViewController.m in Sources */,
				08E325ED1A35AD2300097224 /* DemoCAView.m in Sources */,
				08E325D11A35837400097224 /* TransformView.m in Sources */,
				08E325BE1A354DAC00097224 /* Animation5ViewController.m in Sources */,
				08E325CE1A3582E200097224 /* Animation7ViewController.m in Sources */,
				08E325BB1A3546D600097224 /* WWDShadowView.m in Sources */,
				0807E1E01A313ED2003695F6 /* ViewController.m in Sources */,
				08E325C81A3577C700097224 /* WWDCurveView.m in Sources */,
				0807E2061A315F13003695F6 /* Animation1ViewController.m in Sources */,
				08E325DC1A35971000097224 /* CoreAnimationViewController.m in Sources */,
				08E325CB1A357BA700097224 /* Animation6ViewController.m in Sources */,
				0807E2091A318A1A003695F6 /* Animation2ViewController.m in Sources */,
				0807E1D71A313ED2003695F6 /* main.m in Sources */,
				08A78DD31A35390300FC6290 /* Animation3ViewController.m in Sources */,
			);
			runOnlyForDeploymentPostprocessing = 0;
		};
		0807E1E91A313ED2003695F6 /* Sources */ = {
			isa = PBXSourcesBuildPhase;
			buildActionMask = 2147483647;
			files = (
				0807E1F41A313ED2003695F6 /* LearnLearnLearnTests.m in Sources */,
			);
			runOnlyForDeploymentPostprocessing = 0;
		};
/* End PBXSourcesBuildPhase section */

/* Begin PBXTargetDependency section */
		0807E1EF1A313ED2003695F6 /* PBXTargetDependency */ = {
			isa = PBXTargetDependency;
			target = 0807E1D01A313ED2003695F6 /* LearnLearnLearn */;
			targetProxy = 0807E1EE1A313ED2003695F6 /* PBXContainerItemProxy */;
		};
/* End PBXTargetDependency section */

/* Begin PBXVariantGroup section */
		0807E1E11A313ED2003695F6 /* Main.storyboard */ = {
			isa = PBXVariantGroup;
			children = (
				0807E1E21A313ED2003695F6 /* Base */,
			);
			name = Main.storyboard;
			sourceTree = "<group>";
		};
/* End PBXVariantGroup section */

/* Begin XCBuildConfiguration section */
		0807E1F51A313ED2003695F6 /* Debug */ = {
			isa = XCBuildConfiguration;
			buildSettings = {
				ALWAYS_SEARCH_USER_PATHS = NO;
				CLANG_CXX_LANGUAGE_STANDARD = "gnu++0x";
				CLANG_CXX_LIBRARY = "libc++";
				CLANG_ENABLE_MODULES = YES;
				CLANG_ENABLE_OBJC_ARC = YES;
				CLANG_WARN_BOOL_CONVERSION = YES;
				CLANG_WARN_CONSTANT_CONVERSION = YES;
				CLANG_WARN_DIRECT_OBJC_ISA_USAGE = YES_ERROR;
				CLANG_WARN_EMPTY_BODY = YES;
				CLANG_WARN_ENUM_CONVERSION = YES;
				CLANG_WARN_INT_CONVERSION = YES;
				CLANG_WARN_OBJC_ROOT_CLASS = YES_ERROR;
				CLANG_WARN_UNREACHABLE_CODE = YES;
				CLANG_WARN__DUPLICATE_METHOD_MATCH = YES;
				"CODE_SIGN_IDENTITY[sdk=iphoneos*]" = "iPhone Developer";
				COPY_PHASE_STRIP = NO;
				ENABLE_STRICT_OBJC_MSGSEND = YES;
				GCC_C_LANGUAGE_STANDARD = gnu99;
				GCC_DYNAMIC_NO_PIC = NO;
				GCC_OPTIMIZATION_LEVEL = 0;
				GCC_PREPROCESSOR_DEFINITIONS = (
					"DEBUG=1",
					"$(inherited)",
				);
				GCC_SYMBOLS_PRIVATE_EXTERN = NO;
				GCC_WARN_64_TO_32_BIT_CONVERSION = YES;
				GCC_WARN_ABOUT_RETURN_TYPE = YES_ERROR;
				GCC_WARN_UNDECLARED_SELECTOR = YES;
				GCC_WARN_UNINITIALIZED_AUTOS = YES_AGGRESSIVE;
				GCC_WARN_UNUSED_FUNCTION = YES;
				GCC_WARN_UNUSED_VARIABLE = YES;
				IPHONEOS_DEPLOYMENT_TARGET = 8.1;
				MTL_ENABLE_DEBUG_INFO = YES;
				ONLY_ACTIVE_ARCH = YES;
				SDKROOT = iphoneos;
			};
			name = Debug;
		};
		0807E1F61A313ED2003695F6 /* Release */ = {
			isa = XCBuildConfiguration;
			buildSettings = {
				ALWAYS_SEARCH_USER_PATHS = NO;
				CLANG_CXX_LANGUAGE_STANDARD = "gnu++0x";
				CLANG_CXX_LIBRARY = "libc++";
				CLANG_ENABLE_MODULES = YES;
				CLANG_ENABLE_OBJC_ARC = YES;
				CLANG_WARN_BOOL_CONVERSION = YES;
				CLANG_WARN_CONSTANT_CONVERSION = YES;
				CLANG_WARN_DIRECT_OBJC_ISA_USAGE = YES_ERROR;
				CLANG_WARN_EMPTY_BODY = YES;
				CLANG_WARN_ENUM_CONVERSION = YES;
				CLANG_WARN_INT_CONVERSION = YES;
				CLANG_WARN_OBJC_ROOT_CLASS = YES_ERROR;
				CLANG_WARN_UNREACHABLE_CODE = YES;
				CLANG_WARN__DUPLICATE_METHOD_MATCH = YES;
				"CODE_SIGN_IDENTITY[sdk=iphoneos*]" = "iPhone Developer";
				COPY_PHASE_STRIP = YES;
				ENABLE_NS_ASSERTIONS = NO;
				ENABLE_STRICT_OBJC_MSGSEND = YES;
				GCC_C_LANGUAGE_STANDARD = gnu99;
				GCC_WARN_64_TO_32_BIT_CONVERSION = YES;
				GCC_WARN_ABOUT_RETURN_TYPE = YES_ERROR;
				GCC_WARN_UNDECLARED_SELECTOR = YES;
				GCC_WARN_UNINITIALIZED_AUTOS = YES_AGGRESSIVE;
				GCC_WARN_UNUSED_FUNCTION = YES;
				GCC_WARN_UNUSED_VARIABLE = YES;
				IPHONEOS_DEPLOYMENT_TARGET = 8.1;
				MTL_ENABLE_DEBUG_INFO = NO;
				SDKROOT = iphoneos;
				VALIDATE_PRODUCT = YES;
			};
			name = Release;
		};
		0807E1F81A313ED2003695F6 /* Debug */ = {
			isa = XCBuildConfiguration;
			buildSettings = {
				ASSETCATALOG_COMPILER_APPICON_NAME = AppIcon;
				ASSETCATALOG_COMPILER_LAUNCHIMAGE_NAME = LaunchImage;
				INFOPLIST_FILE = LearnLearnLearn/Info.plist;
				IPHONEOS_DEPLOYMENT_TARGET = 7.0;
				LD_RUNPATH_SEARCH_PATHS = "$(inherited) @executable_path/Frameworks";
				PRODUCT_NAME = "$(TARGET_NAME)";
			};
			name = Debug;
		};
		0807E1F91A313ED2003695F6 /* Release */ = {
			isa = XCBuildConfiguration;
			buildSettings = {
				ASSETCATALOG_COMPILER_APPICON_NAME = AppIcon;
				ASSETCATALOG_COMPILER_LAUNCHIMAGE_NAME = LaunchImage;
				INFOPLIST_FILE = LearnLearnLearn/Info.plist;
				IPHONEOS_DEPLOYMENT_TARGET = 7.0;
				LD_RUNPATH_SEARCH_PATHS = "$(inherited) @executable_path/Frameworks";
				PRODUCT_NAME = "$(TARGET_NAME)";
			};
			name = Release;
		};
		0807E1FB1A313ED2003695F6 /* Debug */ = {
			isa = XCBuildConfiguration;
			buildSettings = {
				BUNDLE_LOADER = "$(TEST_HOST)";
				FRAMEWORK_SEARCH_PATHS = (
					"$(SDKROOT)/Developer/Library/Frameworks",
					"$(inherited)",
				);
				GCC_PREPROCESSOR_DEFINITIONS = (
					"DEBUG=1",
					"$(inherited)",
				);
				INFOPLIST_FILE = LearnLearnLearnTests/Info.plist;
				LD_RUNPATH_SEARCH_PATHS = "$(inherited) @executable_path/Frameworks @loader_path/Frameworks";
				PRODUCT_NAME = "$(TARGET_NAME)";
				TEST_HOST = "$(BUILT_PRODUCTS_DIR)/LearnLearnLearn.app/LearnLearnLearn";
			};
			name = Debug;
		};
		0807E1FC1A313ED2003695F6 /* Release */ = {
			isa = XCBuildConfiguration;
			buildSettings = {
				BUNDLE_LOADER = "$(TEST_HOST)";
				FRAMEWORK_SEARCH_PATHS = (
					"$(SDKROOT)/Developer/Library/Frameworks",
					"$(inherited)",
				);
				INFOPLIST_FILE = LearnLearnLearnTests/Info.plist;
				LD_RUNPATH_SEARCH_PATHS = "$(inherited) @executable_path/Frameworks @loader_path/Frameworks";
				PRODUCT_NAME = "$(TARGET_NAME)";
				TEST_HOST = "$(BUILT_PRODUCTS_DIR)/LearnLearnLearn.app/LearnLearnLearn";
			};
			name = Release;
		};
/* End XCBuildConfiguration section */

/* Begin XCConfigurationList section */
		0807E1CC1A313ED2003695F6 /* Build configuration list for PBXProject "LearnLearnLearn" */ = {
			isa = XCConfigurationList;
			buildConfigurations = (
				0807E1F51A313ED2003695F6 /* Debug */,
				0807E1F61A313ED2003695F6 /* Release */,
			);
			defaultConfigurationIsVisible = 0;
			defaultConfigurationName = Release;
		};
		0807E1F71A313ED2003695F6 /* Build configuration list for PBXNativeTarget "LearnLearnLearn" */ = {
			isa = XCConfigurationList;
			buildConfigurations = (
				0807E1F81A313ED2003695F6 /* Debug */,
				0807E1F91A313ED2003695F6 /* Release */,
			);
			defaultConfigurationIsVisible = 0;
			defaultConfigurationName = Release;
		};
		0807E1FA1A313ED2003695F6 /* Build configuration list for PBXNativeTarget "LearnLearnLearnTests" */ = {
			isa = XCConfigurationList;
			buildConfigurations = (
				0807E1FB1A313ED2003695F6 /* Debug */,
				0807E1FC1A313ED2003695F6 /* Release */,
			);
			defaultConfigurationIsVisible = 0;
			defaultConfigurationName = Release;
		};
/* End XCConfigurationList section */

/* Begin XCVersionGroup section */
		0807E1DB1A313ED2003695F6 /* LearnLearnLearn.xcdatamodeld */ = {
			isa = XCVersionGroup;
			children = (
				0807E1DC1A313ED2003695F6 /* LearnLearnLearn.xcdatamodel */,
			);
			currentVersion = 0807E1DC1A313ED2003695F6 /* LearnLearnLearn.xcdatamodel */;
			path = LearnLearnLearn.xcdatamodeld;
			sourceTree = "<group>";
			versionGroupType = wrapper.xcdatamodel;
		};
/* End XCVersionGroup section */
	};
	rootObject = 0807E1C91A313ED2003695F6 /* Project object */;
}
